
Microsoft Visual Studio Solution File, Format Version 12.00
# Visual Studio Version 16
VisualStudioVersion = 16.0.31129.286
MinimumVisualStudioVersion = 10.0.40219.1
Project("{FAE04EC0-301F-11D3-BF4B-00C04F79EFBC}") = "vidlyy", "vidlyy.csproj", "{326318B8-2C47-46F9-BF8A-296C88612F83}"
EndProject
Global
	GlobalSection(SolutionConfigurationPlatforms) = preSolution
		Debug|Any CPU = Debug|Any CPU
		Release|Any CPU = Release|Any CPU
	EndGlobalSection
	GlobalSection(ProjectConfigurationPlatforms) = postSolution
		{326318B8-2C47-46F9-BF8A-296C88612F83}.Debug|Any CPU.ActiveCfg = Debug|Any CPU
		{326318B8-2C47-46F9-BF8A-296C88612F83}.Debug|Any CPU.Build.0 = Debug|Any CPU
		{326318B8-2C47-46F9-BF8A-296C88612F83}.Release|Any CPU.ActiveCfg = Release|Any CPU
		{326318B8-2C47-46F9-BF8A-296C88612F83}.Release|Any CPU.Build.0 = Release|Any CPU
	EndGlobalSection
	GlobalSection(SolutionProperties) = preSolution
		HideSolutionNode = FALSE
	EndGlobalSection
	GlobalSection(ExtensibilityGlobals) = postSolution
		SolutionGuid = {BA14E1A4-31B9-45C5-A87B-4B5E53A5FF5A}
	EndGlobalSection
EndGlobal
